// !$*UTF8*$!
{
	archiveVersion = 1;
	classes = {
	};
	objectVersion = 56;
	objects = {

/* Begin PBXBuildFile section */
		CC8E08BF2BCA214F00B511A6 /* RealityKitContent in Frameworks */ = {isa = PBXBuildFile; productRef = CC8E08BE2BCA214F00B511A6 /* RealityKitContent */; };
		CC8E08C12BCA214F00B511A6 /* Day5App.swift in Sources */ = {isa = PBXBuildFile; fileRef = CC8E08C02BCA214F00B511A6 /* Day5App.swift */; };
		CC8E08C32BCA214F00B511A6 /* ContentView.swift in Sources */ = {isa = PBXBuildFile; fileRef = CC8E08C22BCA214F00B511A6 /* ContentView.swift */; };
		CC8E08C52BCA214F00B511A6 /* ImmersiveView.swift in Sources */ = {isa = PBXBuildFile; fileRef = CC8E08C42BCA214F00B511A6 /* ImmersiveView.swift */; };
		CC8E08C72BCA214F00B511A6 /* ImageBasedLighting.skybox in Resources */ = {isa = PBXBuildFile; fileRef = CC8E08C62BCA214F00B511A6 /* ImageBasedLighting.skybox */; };
		CC8E08C92BCA215000B511A6 /* Assets.xcassets in Resources */ = {isa = PBXBuildFile; fileRef = CC8E08C82BCA215000B511A6 /* Assets.xcassets */; };
		CC8E08CC2BCA215000B511A6 /* Preview Assets.xcassets in Resources */ = {isa = PBXBuildFile; fileRef = CC8E08CB2BCA215000B511A6 /* Preview Assets.xcassets */; };
		CC8E08D42BCA222F00B511A6 /* Day5ViewModel.swift in Sources */ = {isa = PBXBuildFile; fileRef = CC8E08D32BCA222F00B511A6 /* Day5ViewModel.swift */; };
/* End PBXBuildFile section */

/* Begin PBXFileReference section */
		CC8E08B92BCA214F00B511A6 /* Day5.app */ = {isa = PBXFileReference; explicitFileType = wrapper.application; includeInIndex = 0; path = Day5.app; sourceTree = BUILT_PRODUCTS_DIR; };
		CC8E08BD2BCA214F00B511A6 /* RealityKitContent */ = {isa = PBXFileReference; lastKnownFileType = wrapper; path = RealityKitContent; sourceTree = "<group>"; };
		CC8E08C02BCA214F00B511A6 /* Day5App.swift */ = {isa = PBXFileReference; lastKnownFileType = sourcecode.swift; path = Day5App.swift; sourceTree = "<group>"; };
		CC8E08C22BCA214F00B511A6 /* ContentView.swift */ = {isa = PBXFileReference; lastKnownFileType = sourcecode.swift; path = ContentView.swift; sourceTree = "<group>"; };
		CC8E08C42BCA214F00B511A6 /* ImmersiveView.swift */ = {isa = PBXFileReference; lastKnownFileType = sourcecode.swift; path = ImmersiveView.swift; sourceTree = "<group>"; };
		CC8E08C62BCA214F00B511A6 /* ImageBasedLighting.skybox */ = {isa = PBXFileReference; lastKnownFileType = file.skybox; path = ImageBasedLighting.skybox; sourceTree = "<group>"; };
		CC8E08C82BCA215000B511A6 /* Assets.xcassets */ = {isa = PBXFileReference; lastKnownFileType = folder.assetcatalog; path = Assets.xcassets; sourceTree = "<group>"; };
		CC8E08CB2BCA215000B511A6 /* Preview Assets.xcassets */ = {isa = PBXFileReference; lastKnownFileType = folder.assetcatalog; path = "Preview Assets.xcassets"; sourceTree = "<group>"; };
		CC8E08CD2BCA215000B511A6 /* Info.plist */ = {isa = PBXFileReference; lastKnownFileType = text.plist.xml; path = Info.plist; sourceTree = "<group>"; };
		CC8E08D32BCA222F00B511A6 /* Day5ViewModel.swift */ = {isa = PBXFileReference; lastKnownFileType = sourcecode.swift; path = Day5ViewModel.swift; sourceTree = "<group>"; };
/* End PBXFileReference section */

/* Begin PBXFrameworksBuildPhase section */
		CC8E08B62BCA214F00B511A6 /* Frameworks */ = {
			isa = PBXFrameworksBuildPhase;
			buildActionMask = 2147483647;
			files = (
				CC8E08BF2BCA214F00B511A6 /* RealityKitContent in Frameworks */,
			);
			runOnlyForDeploymentPostprocessing = 0;
		};
/* End PBXFrameworksBuildPhase section */

/* Begin PBXGroup section */
		CC8E08B02BCA214F00B511A6 = {
			isa = PBXGroup;
			children = (
				CC8E08BB2BCA214F00B511A6 /* Day5 */,
				CC8E08BC2BCA214F00B511A6 /* Packages */,
				CC8E08BA2BCA214F00B511A6 /* Products */,
			);
			sourceTree = "<group>";
		};
		CC8E08BA2BCA214F00B511A6 /* Products */ = {
			isa = PBXGroup;
			children = (
				CC8E08B92BCA214F00B511A6 /* Day5.app */,
			);
			name = Products;
			sourceTree = "<group>";
		};
		CC8E08BB2BCA214F00B511A6 /* Day5 */ = {
			isa = PBXGroup;
			children = (
				CC8E08C02BCA214F00B511A6 /* Day5App.swift */,
				CC8E08C22BCA214F00B511A6 /* ContentView.swift */,
				CC8E08C42BCA214F00B511A6 /* ImmersiveView.swift */,
				CC8E08C62BCA214F00B511A6 /* ImageBasedLighting.skybox */,
				CC8E08C82BCA215000B511A6 /* Assets.xcassets */,
				CC8E08CD2BCA215000B511A6 /* Info.plist */,
				CC8E08CA2BCA215000B511A6 /* Preview Content */,
				CC8E08D32BCA222F00B511A6 /* Day5ViewModel.swift */,
			);
			path = Day5;
			sourceTree = "<group>";
		};
		CC8E08BC2BCA214F00B511A6 /* Packages */ = {
			isa = PBXGroup;
			children = (
				CC8E08BD2BCA214F00B511A6 /* RealityKitContent */,
			);
			path = Packages;
			sourceTree = "<group>";
		};
		CC8E08CA2BCA215000B511A6 /* Preview Content */ = {
			isa = PBXGroup;
			children = (
				CC8E08CB2BCA215000B511A6 /* Preview Assets.xcassets */,
			);
			path = "Preview Content";
			sourceTree = "<group>";
		};
/* End PBXGroup section */

/* Begin PBXNativeTarget section */
		CC8E08B82BCA214F00B511A6 /* Day5 */ = {
			isa = PBXNativeTarget;
			buildConfigurationList = CC8E08D02BCA215000B511A6 /* Build configuration list for PBXNativeTarget "Day5" */;
			buildPhases = (
				CC8E08B52BCA214F00B511A6 /* Sources */,
				CC8E08B62BCA214F00B511A6 /* Frameworks */,
				CC8E08B72BCA214F00B511A6 /* Resources */,
			);
			buildRules = (
			);
			dependencies = (
			);
			name = Day5;
			packageProductDependencies = (
				CC8E08BE2BCA214F00B511A6 /* RealityKitContent */,
			);
			productName = Day5;
			productReference = CC8E08B92BCA214F00B511A6 /* Day5.app */;
			productType = "com.apple.product-type.application";
		};
/* End PBXNativeTarget section */

/* Begin PBXProject section */
		CC8E08B12BCA214F00B511A6 /* Project object */ = {
			isa = PBXProject;
			attributes = {
				BuildIndependentTargetsInParallel = 1;
				LastSwiftUpdateCheck = 1520;
				LastUpgradeCheck = 1520;
				TargetAttributes = {
					CC8E08B82BCA214F00B511A6 = {
						CreatedOnToolsVersion = 15.2;
					};
				};
			};
			buildConfigurationList = CC8E08B42BCA214F00B511A6 /* Build configuration list for PBXProject "Day5" */;
			compatibilityVersion = "Xcode 14.0";
			developmentRegion = en;
			hasScannedForEncodings = 0;
			knownRegions = (
				en,
				Base,
			);
			mainGroup = CC8E08B02BCA214F00B511A6;
			productRefGroup = CC8E08BA2BCA214F00B511A6 /* Products */;
			projectDirPath = "";
			projectRoot = "";
			targets = (
				CC8E08B82BCA214F00B511A6 /* Day5 */,
			);
		};
/* End PBXProject section */

/* Begin PBXResourcesBuildPhase section */
		CC8E08B72BCA214F00B511A6 /* Resources */ = {
			isa = PBXResourcesBuildPhase;
			buildActionMask = 2147483647;
			files = (
				CC8E08C92BCA215000B511A6 /* Assets.xcassets in Resources */,
				CC8E08CC2BCA215000B511A6 /* Preview Assets.xcassets in Resources */,
				CC8E08C72BCA214F00B511A6 /* ImageBasedLighting.skybox in Resources */,
			);
			runOnlyForDeploymentPostprocessing = 0;
		};
/* End PBXResourcesBuildPhase section */

/* Begin PBXSourcesBuildPhase section */
		CC8E08B52BCA214F00B511A6 /* Sources */ = {
			isa = PBXSourcesBuildPhase;
			buildActionMask = 2147483647;
			files = (
				CC8E08C32BCA214F00B511A6 /* ContentView.swift in Sources */,
				CC8E08D42BCA222F00B511A6 /* Day5ViewModel.swift in Sources */,
				CC8E08C12BCA214F00B511A6 /* Day5App.swift in Sources */,
				CC8E08C52BCA214F00B511A6 /* ImmersiveView.swift in Sources */,
			);
			runOnlyForDeploymentPostprocessing = 0;
		};
/* End PBXSourcesBuildPhase section */

/* Begin XCBuildConfiguration section */
		CC8E08CE2BCA215000B511A6 /* Debug */ = {
			isa = XCBuildConfiguration;
			buildSettings = {
				ALWAYS_SEARCH_USER_PATHS = NO;
				ASSETCATALOG_COMPILER_GENERATE_SWIFT_ASSET_SYMBOL_EXTENSIONS = YES;
				CLANG_ANALYZER_NONNULL = YES;
				CLANG_ANALYZER_NUMBER_OBJECT_CONVERSION = YES_AGGRESSIVE;
				CLANG_CXX_LANGUAGE_STANDARD = "gnu++20";
				CLANG_ENABLE_MODULES = YES;
				CLANG_ENABLE_OBJC_ARC = YES;
				CLANG_ENABLE_OBJC_WEAK = YES;
				CLANG_WARN_BLOCK_CAPTURE_AUTORELEASING = YES;
				CLANG_WARN_BOOL_CONVERSION = YES;
				CLANG_WARN_COMMA = YES;
				CLANG_WARN_CONSTANT_CONVERSION = YES;
				CLANG_WARN_DEPRECATED_OBJC_IMPLEMENTATIONS = YES;
				CLANG_WARN_DIRECT_OBJC_ISA_USAGE = YES_ERROR;
				CLANG_WARN_DOCUMENTATION_COMMENTS = YES;
				CLANG_WARN_EMPTY_BODY = YES;
				CLANG_WARN_ENUM_CONVERSION = YES;
				CLANG_WARN_INFINITE_RECURSION = YES;
				CLANG_WARN_INT_CONVERSION = YES;
				CLANG_WARN_NON_LITERAL_NULL_CONVERSION = YES;
				CLANG_WARN_OBJC_IMPLICIT_RETAIN_SELF = YES;
				CLANG_WARN_OBJC_LITERAL_CONVERSION = YES;
				CLANG_WARN_OBJC_ROOT_CLASS = YES_ERROR;
				CLANG_WARN_QUOTED_INCLUDE_IN_FRAMEWORK_HEADER = YES;
				CLANG_WARN_RANGE_LOOP_ANALYSIS = YES;
				CLANG_WARN_STRICT_PROTOTYPES = YES;
				CLANG_WARN_SUSPICIOUS_MOVE = YES;
				CLANG_WARN_UNGUARDED_AVAILABILITY = YES_AGGRESSIVE;
				CLANG_WARN_UNREACHABLE_CODE = YES;
				CLANG_WARN__DUPLICATE_METHOD_MATCH = YES;
				COPY_PHASE_STRIP = NO;
				DEBUG_INFORMATION_FORMAT = dwarf;
				ENABLE_STRICT_OBJC_MSGSEND = YES;
				ENABLE_TESTABILITY = YES;
				ENABLE_USER_SCRIPT_SANDBOXING = YES;
				GCC_C_LANGUAGE_STANDARD = gnu17;
				GCC_DYNAMIC_NO_PIC = NO;
				GCC_NO_COMMON_BLOCKS = YES;
				GCC_OPTIMIZATION_LEVEL = 0;
				GCC_PREPROCESSOR_DEFINITIONS = (
					"DEBUG=1",
					"$(inherited)",
				);
				GCC_WARN_64_TO_32_BIT_CONVERSION = YES;
				GCC_WARN_ABOUT_RETURN_TYPE = YES_ERROR;
				GCC_WARN_UNDECLARED_SELECTOR = YES;
				GCC_WARN_UNINITIALIZED_AUTOS = YES_AGGRESSIVE;
				GCC_WARN_UNUSED_FUNCTION = YES;
				GCC_WARN_UNUSED_VARIABLE = YES;
				LOCALIZATION_PREFERS_STRING_CATALOGS = YES;
				MTL_ENABLE_DEBUG_INFO = INCLUDE_SOURCE;
				MTL_FAST_MATH = YES;
				ONLY_ACTIVE_ARCH = YES;
				SDKROOT = xros;
				SWIFT_ACTIVE_COMPILATION_CONDITIONS = "DEBUG $(inherited)";
				SWIFT_OPTIMIZATION_LEVEL = "-Onone";
				XROS_DEPLOYMENT_TARGET = 1.0;
			};
			name = Debug;
		};
		CC8E08CF2BCA215000B511A6 /* Release */ = {
			isa = XCBuildConfiguration;
			buildSettings = {
				ALWAYS_SEARCH_USER_PATHS = NO;
				ASSETCATALOG_COMPILER_GENERATE_SWIFT_ASSET_SYMBOL_EXTENSIONS = YES;
				CLANG_ANALYZER_NONNULL = YES;
				CLANG_ANALYZER_NUMBER_OBJECT_CONVERSION = YES_AGGRESSIVE;
				CLANG_CXX_LANGUAGE_STANDARD = "gnu++20";
				CLANG_ENABLE_MODULES = YES;
				CLANG_ENABLE_OBJC_ARC = YES;
				CLANG_ENABLE_OBJC_WEAK = YES;
				CLANG_WARN_BLOCK_CAPTURE_AUTORELEASING = YES;
				CLANG_WARN_BOOL_CONVERSION = YES;
				CLANG_WARN_COMMA = YES;
				CLANG_WARN_CONSTANT_CONVERSION = YES;
				CLANG_WARN_DEPRECATED_OBJC_IMPLEMENTATIONS = YES;
				CLANG_WARN_DIRECT_OBJC_ISA_USAGE = YES_ERROR;
				CLANG_WARN_DOCUMENTATION_COMMENTS = YES;
				CLANG_WARN_EMPTY_BODY = YES;
				CLANG_WARN_ENUM_CONVERSION = YES;
				CLANG_WARN_INFINITE_RECURSION = YES;
				CLANG_WARN_INT_CONVERSION = YES;
				CLANG_WARN_NON_LITERAL_NULL_CONVERSION = YES;
				CLANG_WARN_OBJC_IMPLICIT_RETAIN_SELF = YES;
				CLANG_WARN_OBJC_LITERAL_CONVERSION = YES;
				CLANG_WARN_OBJC_ROOT_CLASS = YES_ERROR;
				CLANG_WARN_QUOTED_INCLUDE_IN_FRAMEWORK_HEADER = YES;
				CLANG_WARN_RANGE_LOOP_ANALYSIS = YES;
				CLANG_WARN_STRICT_PROTOTYPES = YES;
				CLANG_WARN_SUSPICIOUS_MOVE = YES;
				CLANG_WARN_UNGUARDED_AVAILABILITY = YES_AGGRESSIVE;
				CLANG_WARN_UNREACHABLE_CODE = YES;
				CLANG_WARN__DUPLICATE_METHOD_MATCH = YES;
				COPY_PHASE_STRIP = NO;
				DEBUG_INFORMATION_FORMAT = "dwarf-with-dsym";
				ENABLE_NS_ASSERTIONS = NO;
				ENABLE_STRICT_OBJC_MSGSEND = YES;
				ENABLE_USER_SCRIPT_SANDBOXING = YES;
				GCC_C_LANGUAGE_STANDARD = gnu17;
				GCC_NO_COMMON_BLOCKS = YES;
				GCC_WARN_64_TO_32_BIT_CONVERSION = YES;
				GCC_WARN_ABOUT_RETURN_TYPE = YES_ERROR;
				GCC_WARN_UNDECLARED_SELECTOR = YES;
				GCC_WARN_UNINITIALIZED_AUTOS = YES_AGGRESSIVE;
				GCC_WARN_UNUSED_FUNCTION = YES;
				GCC_WARN_UNUSED_VARIABLE = YES;
				LOCALIZATION_PREFERS_STRING_CATALOGS = YES;
				MTL_ENABLE_DEBUG_INFO = NO;
				MTL_FAST_MATH = YES;
				SDKROOT = xros;
				SWIFT_COMPILATION_MODE = wholemodule;
				VALIDATE_PRODUCT = YES;
				XROS_DEPLOYMENT_TARGET = 1.0;
			};
			name = Release;
		};
		CC8E08D12BCA215000B511A6 /* Debug */ = {
			isa = XCBuildConfiguration;
			buildSettings = {
				ASSETCATALOG_COMPILER_APPICON_NAME = AppIcon;
				ASSETCATALOG_COMPILER_GLOBAL_ACCENT_COLOR_NAME = AccentColor;
				CODE_SIGN_STYLE = Automatic;
				CURRENT_PROJECT_VERSION = 1;
				DEVELOPMENT_ASSET_PATHS = "\"Day5/Preview Content\"";
				DEVELOPMENT_TEAM = GKWM8Q6TMS;
				ENABLE_PREVIEWS = YES;
				GENERATE_INFOPLIST_FILE = YES;
				INFOPLIST_FILE = "$(TARGET_NAME)/Info.plist";
				LD_RUNPATH_SEARCH_PATHS = (
					"$(inherited)",
					"@executable_path/Frameworks",
				);
				MARKETING_VERSION = 1.0;
				PRODUCT_BUNDLE_IDENTIFIER = com.leewanjae.Day5;
				PRODUCT_NAME = "$(TARGET_NAME)";
				SUPPORTED_PLATFORMS = "xros xrsimulator";
				SWIFT_EMIT_LOC_STRINGS = YES;
				SWIFT_VERSION = 5.0;
				TARGETED_DEVICE_FAMILY = "1,2,7";
			};
			name = Debug;
		};
		CC8E08D22BCA215000B511A6 /* Release */ = {
			isa = XCBuildConfiguration;
			buildSettings = {
				ASSETCATALOG_COMPILER_APPICON_NAME = AppIcon;
				ASSETCATALOG_COMPILER_GLOBAL_ACCENT_COLOR_NAME = AccentColor;
				CODE_SIGN_STYLE = Automatic;
				CURRENT_PROJECT_VERSION = 1;
				DEVELOPMENT_ASSET_PATHS = "\"Day5/Preview Content\"";
				DEVELOPMENT_TEAM = GKWM8Q6TMS;
				ENABLE_PREVIEWS = YES;
				GENERATE_INFOPLIST_FILE = YES;
				INFOPLIST_FILE = "$(TARGET_NAME)/Info.plist";
				LD_RUNPATH_SEARCH_PATHS = (
					"$(inherited)",
					"@executable_path/Frameworks",
				);
				MARKETING_VERSION = 1.0;
				PRODUCT_BUNDLE_IDENTIFIER = com.leewanjae.Day5;
				PRODUCT_NAME = "$(TARGET_NAME)";
				SUPPORTED_PLATFORMS = "xros xrsimulator";
				SWIFT_EMIT_LOC_STRINGS = YES;
				SWIFT_VERSION = 5.0;
				TARGETED_DEVICE_FAMILY = "1,2,7";
			};
			name = Release;
		};
/* End XCBuildConfiguration section */

/* Begin XCConfigurationList section */
		CC8E08B42BCA214F00B511A6 /* Build configuration list for PBXProject "Day5" */ = {
			isa = XCConfigurationList;
			buildConfigurations = (
				CC8E08CE2BCA215000B511A6 /* Debug */,
				CC8E08CF2BCA215000B511A6 /* Release */,
			);
			defaultConfigurationIsVisible = 0;
			defaultConfigurationName = Release;
		};
		CC8E08D02BCA215000B511A6 /* Build configuration list for PBXNativeTarget "Day5" */ = {
			isa = XCConfigurationList;
			buildConfigurations = (
				CC8E08D12BCA215000B511A6 /* Debug */,
				CC8E08D22BCA215000B511A6 /* Release */,
			);
			defaultConfigurationIsVisible = 0;
			defaultConfigurationName = Release;
		};
/* End XCConfigurationList section */

/* Begin XCSwiftPackageProductDependency section */
		CC8E08BE2BCA214F00B511A6 /* RealityKitContent */ = {
			isa = XCSwiftPackageProductDependency;
			productName = RealityKitContent;
		};
/* End XCSwiftPackageProductDependency section */
	};
	rootObject = CC8E08B12BCA214F00B511A6 /* Project object */;
}
